
Microsoft Visual Studio Solution File, Format Version 12.00
Project("{FAE04EC0-301F-11D3-BF4B-00C04F79EFBC}") = "Checkers", "Checkers\Checkers.csproj", "{C0A04BF2-2DD8-4A12-8848-EB498A3E9154}"
EndProject
Project("{FAE04EC0-301F-11D3-BF4B-00C04F79EFBC}") = "Tests", "Tests\Tests.csproj", "{ED7DC809-28F6-414F-844E-06BC20037265}"
EndProject
Global
	GlobalSection(SolutionConfigurationPlatforms) = preSolution
		Debug|Any CPU = Debug|Any CPU
		Release|Any CPU = Release|Any CPU
	EndGlobalSection
	GlobalSection(ProjectConfigurationPlatforms) = postSolution
		{C0A04BF2-2DD8-4A12-8848-EB498A3E9154}.Debug|Any CPU.ActiveCfg = Debug|Any CPU
		{C0A04BF2-2DD8-4A12-8848-EB498A3E9154}.Debug|Any CPU.Build.0 = Debug|Any CPU
		{C0A04BF2-2DD8-4A12-8848-EB498A3E9154}.Release|Any CPU.ActiveCfg = Release|Any CPU
		{C0A04BF2-2DD8-4A12-8848-EB498A3E9154}.Release|Any CPU.Build.0 = Release|Any CPU
		{ED7DC809-28F6-414F-844E-06BC20037265}.Debug|Any CPU.ActiveCfg = Debug|Any CPU
		{ED7DC809-28F6-414F-844E-06BC20037265}.Debug|Any CPU.Build.0 = Debug|Any CPU
		{ED7DC809-28F6-414F-844E-06BC20037265}.Release|Any CPU.ActiveCfg = Release|Any CPU
		{ED7DC809-28F6-414F-844E-06BC20037265}.Release|Any CPU.Build.0 = Release|Any CPU
	EndGlobalSection
EndGlobal
